
Microsoft Visual Studio Solution File, Format Version 12.00
# Visual Studio Version 17
VisualStudioVersion = 17.4.33205.214
MinimumVisualStudioVersion = 10.0.40219.1
Project("{888888A0-9F3D-457C-B088-3A5042F75D52}") = "BogdanViblyyKorduslaused", "BogdanViblyyKorduslaused.pyproj", "{7109CBAD-89D7-432D-873B-5341167B17DB}"
EndProject
Global
	GlobalSection(SolutionConfigurationPlatforms) = preSolution
		Debug|Any CPU = Debug|Any CPU
		Release|Any CPU = Release|Any CPU
	EndGlobalSection
	GlobalSection(ProjectConfigurationPlatforms) = postSolution
		{7109CBAD-89D7-432D-873B-5341167B17DB}.Debug|Any CPU.ActiveCfg = Debug|Any CPU
		{7109CBAD-89D7-432D-873B-5341167B17DB}.Release|Any CPU.ActiveCfg = Release|Any CPU
	EndGlobalSection
	GlobalSection(SolutionProperties) = preSolution
		HideSolutionNode = FALSE
	EndGlobalSection
	GlobalSection(ExtensibilityGlobals) = postSolution
		SolutionGuid = {A22FC4C1-6C69-415F-8918-6DDF01771E0D}
	EndGlobalSection
EndGlobal
